
Microsoft Visual Studio Solution File, Format Version 12.00
# Visual Studio 15
VisualStudioVersion = 15.0.28010.2048
MinimumVisualStudioVersion = 10.0.40219.1
Project("{FAE04EC0-301F-11D3-BF4B-00C04F79EFBC}") = "L2", "L2\L2.csproj", "{27E238B1-3F05-44FF-9D7A-ED5CBEEF065E}"
EndProject
Project("{FAE04EC0-301F-11D3-BF4B-00C04F79EFBC}") = "UnitTestL2", "UnitTestProject1\UnitTestL2.csproj", "{964963D0-70A9-4627-A6FD-4B158E803222}"
EndProject
Global
	GlobalSection(SolutionConfigurationPlatforms) = preSolution
		Debug|Any CPU = Debug|Any CPU
		Release|Any CPU = Release|Any CPU
	EndGlobalSection
	GlobalSection(ProjectConfigurationPlatforms) = postSolution
		{27E238B1-3F05-44FF-9D7A-ED5CBEEF065E}.Debug|Any CPU.ActiveCfg = Debug|Any CPU
		{27E238B1-3F05-44FF-9D7A-ED5CBEEF065E}.Debug|Any CPU.Build.0 = Debug|Any CPU
		{27E238B1-3F05-44FF-9D7A-ED5CBEEF065E}.Release|Any CPU.ActiveCfg = Release|Any CPU
		{27E238B1-3F05-44FF-9D7A-ED5CBEEF065E}.Release|Any CPU.Build.0 = Release|Any CPU
		{964963D0-70A9-4627-A6FD-4B158E803222}.Debug|Any CPU.ActiveCfg = Debug|Any CPU
		{964963D0-70A9-4627-A6FD-4B158E803222}.Debug|Any CPU.Build.0 = Debug|Any CPU
		{964963D0-70A9-4627-A6FD-4B158E803222}.Release|Any CPU.ActiveCfg = Release|Any CPU
		{964963D0-70A9-4627-A6FD-4B158E803222}.Release|Any CPU.Build.0 = Release|Any CPU
	EndGlobalSection
	GlobalSection(SolutionProperties) = preSolution
		HideSolutionNode = FALSE
	EndGlobalSection
	GlobalSection(ExtensibilityGlobals) = postSolution
		SolutionGuid = {FE6AB4E3-95D8-411A-89F1-2CBC297AA77F}
	EndGlobalSection
EndGlobal
